
Microsoft Visual Studio Solution File, Format Version 12.00
# Visual Studio Version 17
VisualStudioVersion = 17.0.32014.148
MinimumVisualStudioVersion = 10.0.40219.1
Project("{FAE04EC0-301F-11D3-BF4B-00C04F79EFBC}") = "ASP.NET_CORE_CRUD", "ASP.NET_CORE_CRUD\ASP.NET_CORE_CRUD.csproj", "{289FC1CA-BB11-433C-9941-8BBD958ECBE7}"
EndProject
Global
	GlobalSection(SolutionConfigurationPlatforms) = preSolution
		Debug|Any CPU = Debug|Any CPU
		Release|Any CPU = Release|Any CPU
	EndGlobalSection
	GlobalSection(ProjectConfigurationPlatforms) = postSolution
		{289FC1CA-BB11-433C-9941-8BBD958ECBE7}.Debug|Any CPU.ActiveCfg = Debug|Any CPU
		{289FC1CA-BB11-433C-9941-8BBD958ECBE7}.Debug|Any CPU.Build.0 = Debug|Any CPU
		{289FC1CA-BB11-433C-9941-8BBD958ECBE7}.Release|Any CPU.ActiveCfg = Release|Any CPU
		{289FC1CA-BB11-433C-9941-8BBD958ECBE7}.Release|Any CPU.Build.0 = Release|Any CPU
	EndGlobalSection
	GlobalSection(SolutionProperties) = preSolution
		HideSolutionNode = FALSE
	EndGlobalSection
	GlobalSection(ExtensibilityGlobals) = postSolution
		SolutionGuid = {278E5561-66D8-43CD-B1F5-20C12F69DA9C}
	EndGlobalSection
EndGlobal
